
Microsoft Visual Studio Solution File, Format Version 12.00
# Visual Studio Version 16
VisualStudioVersion = 16.0.28803.156
MinimumVisualStudioVersion = 10.0.40219.1
Project("{FAE04EC0-301F-11D3-BF4B-00C04F79EFBC}") = "Codeless.Ecma", "Codeless.Ecma\Codeless.Ecma.csproj", "{C1E80E1C-054E-459B-AD78-DD20612C2BC6}"
EndProject
Project("{9A19103F-16F7-4668-BE54-9A1E7A4F7556}") = "Codeless.Ecma.UnitTest", "Codeless.Ecma.UnitTest\Codeless.Ecma.UnitTest.csproj", "{0E142852-945F-4272-B9FD-BA5B92027D81}"
EndProject
Global
	GlobalSection(SolutionConfigurationPlatforms) = preSolution
		Debug-Net35|Any CPU = Debug-Net35|Any CPU
		Debug-Net40|Any CPU = Debug-Net40|Any CPU
		Debug-Net45|Any CPU = Debug-Net45|Any CPU
		Release-Net35|Any CPU = Release-Net35|Any CPU
		Release-Net40|Any CPU = Release-Net40|Any CPU
		Release-Net45|Any CPU = Release-Net45|Any CPU
	EndGlobalSection
	GlobalSection(ProjectConfigurationPlatforms) = postSolution
		{C1E80E1C-054E-459B-AD78-DD20612C2BC6}.Debug-Net35|Any CPU.ActiveCfg = Debug-Net35|Any CPU
		{C1E80E1C-054E-459B-AD78-DD20612C2BC6}.Debug-Net35|Any CPU.Build.0 = Debug-Net35|Any CPU
		{C1E80E1C-054E-459B-AD78-DD20612C2BC6}.Debug-Net40|Any CPU.ActiveCfg = Debug-Net40|Any CPU
		{C1E80E1C-054E-459B-AD78-DD20612C2BC6}.Debug-Net40|Any CPU.Build.0 = Debug-Net40|Any CPU
		{C1E80E1C-054E-459B-AD78-DD20612C2BC6}.Debug-Net45|Any CPU.ActiveCfg = Debug-Net45|Any CPU
		{C1E80E1C-054E-459B-AD78-DD20612C2BC6}.Debug-Net45|Any CPU.Build.0 = Debug-Net45|Any CPU
		{C1E80E1C-054E-459B-AD78-DD20612C2BC6}.Release-Net35|Any CPU.ActiveCfg = Release-Net35|Any CPU
		{C1E80E1C-054E-459B-AD78-DD20612C2BC6}.Release-Net35|Any CPU.Build.0 = Release-Net35|Any CPU
		{C1E80E1C-054E-459B-AD78-DD20612C2BC6}.Release-Net40|Any CPU.ActiveCfg = Release-Net40|Any CPU
		{C1E80E1C-054E-459B-AD78-DD20612C2BC6}.Release-Net40|Any CPU.Build.0 = Release-Net40|Any CPU
		{C1E80E1C-054E-459B-AD78-DD20612C2BC6}.Release-Net45|Any CPU.ActiveCfg = Release-Net45|Any CPU
		{C1E80E1C-054E-459B-AD78-DD20612C2BC6}.Release-Net45|Any CPU.Build.0 = Release-Net45|Any CPU
		{0E142852-945F-4272-B9FD-BA5B92027D81}.Debug-Net35|Any CPU.ActiveCfg = Debug|Any CPU
		{0E142852-945F-4272-B9FD-BA5B92027D81}.Debug-Net35|Any CPU.Build.0 = Debug|Any CPU
		{0E142852-945F-4272-B9FD-BA5B92027D81}.Debug-Net40|Any CPU.ActiveCfg = Debug|Any CPU
		{0E142852-945F-4272-B9FD-BA5B92027D81}.Debug-Net40|Any CPU.Build.0 = Debug|Any CPU
		{0E142852-945F-4272-B9FD-BA5B92027D81}.Debug-Net45|Any CPU.ActiveCfg = Debug|Any CPU
		{0E142852-945F-4272-B9FD-BA5B92027D81}.Debug-Net45|Any CPU.Build.0 = Debug|Any CPU
		{0E142852-945F-4272-B9FD-BA5B92027D81}.Release-Net35|Any CPU.ActiveCfg = Release|Any CPU
		{0E142852-945F-4272-B9FD-BA5B92027D81}.Release-Net35|Any CPU.Build.0 = Release|Any CPU
		{0E142852-945F-4272-B9FD-BA5B92027D81}.Release-Net40|Any CPU.ActiveCfg = Release|Any CPU
		{0E142852-945F-4272-B9FD-BA5B92027D81}.Release-Net40|Any CPU.Build.0 = Release|Any CPU
		{0E142852-945F-4272-B9FD-BA5B92027D81}.Release-Net45|Any CPU.ActiveCfg = Release|Any CPU
		{0E142852-945F-4272-B9FD-BA5B92027D81}.Release-Net45|Any CPU.Build.0 = Release|Any CPU
	EndGlobalSection
	GlobalSection(SolutionProperties) = preSolution
		HideSolutionNode = FALSE
	EndGlobalSection
	GlobalSection(ExtensibilityGlobals) = postSolution
		SolutionGuid = {D5B271F6-B0D1-4F46-91F9-5539D226C89A}
	EndGlobalSection
EndGlobal
